
Microsoft Visual Studio Solution File, Format Version 12.00
# Visual Studio Version 16
VisualStudioVersion = 16.0.30225.117
MinimumVisualStudioVersion = 10.0.40219.1
Project("{9A19103F-16F7-4668-BE54-9A1E7A4F7556}") = "01. Hello SoftUni", "01. Hello SoftUni\01. Hello SoftUni.csproj", "{BB712AE0-BDB0-4A31-BB1E-77A3E6627DA0}"
EndProject
Project("{9A19103F-16F7-4668-BE54-9A1E7A4F7556}") = "02. Nums 1 to 10", "02. Nums 1 to 10\02. Nums 1 to 10.csproj", "{37AE8BC4-3614-46E4-8F13-2F715B950BC6}"
EndProject
Project("{9A19103F-16F7-4668-BE54-9A1E7A4F7556}") = "03. Square Area", "03. Square Area\03. Square Area.csproj", "{499F3FD9-5763-442B-B010-CFCD01181604}"
EndProject
Project("{9A19103F-16F7-4668-BE54-9A1E7A4F7556}") = "04. Inches to Centimeters", "04. Inches to Centimeters\04. Inches to Centimeters.csproj", "{6A05D4A8-6E1D-4DBD-BB53-61FB3846F808}"
EndProject
Project("{9A19103F-16F7-4668-BE54-9A1E7A4F7556}") = "05. Greeting by Name", "05. Greeting by Name\05. Greeting by Name.csproj", "{82DCAB09-76AB-4275-B3FF-D28AD2C546BD}"
EndProject
Project("{9A19103F-16F7-4668-BE54-9A1E7A4F7556}") = "06. Concatenate Data", "06. Concatenate Data\06. Concatenate Data.csproj", "{DF64D977-5E1C-40E0-83C2-55EC3C6FACDA}"
EndProject
Project("{9A19103F-16F7-4668-BE54-9A1E7A4F7556}") = "07. Projects Creation", "07. Projects Creation\07. Projects Creation.csproj", "{20A18F3B-81BE-4E9D-8F1C-73FBC34EDD8F}"
EndProject
Project("{9A19103F-16F7-4668-BE54-9A1E7A4F7556}") = "08. Pet Shop", "08. Pet Shop\08. Pet Shop.csproj", "{231019AC-F62A-4E4C-BB45-7F2D4C13C4CA}"
EndProject
Project("{9A19103F-16F7-4668-BE54-9A1E7A4F7556}") = "09. Yard Greening", "09. Yard Greening\09. Yard Greening.csproj", "{EC4E6879-54D1-4A71-8CA5-DF0367593743}"
EndProject
Project("{9A19103F-16F7-4668-BE54-9A1E7A4F7556}") = "10.USD to BGN", "10.USD to BGN\10.USD to BGN.csproj", "{BCE99733-6363-4EA3-82E3-C18859AD5F26}"
EndProject
Project("{9A19103F-16F7-4668-BE54-9A1E7A4F7556}") = "11.Radians to Degrees", "11.Radians to Degrees\11.Radians to Degrees.csproj", "{1B8DCDF4-A132-455C-9C8D-E9554D9D2E09}"
EndProject
Project("{9A19103F-16F7-4668-BE54-9A1E7A4F7556}") = "12.Deposit Calculator", "12.Deposit Calculator\12.Deposit Calculator.csproj", "{2D25D9C9-03A0-4704-A8B4-8D829487C767}"
EndProject
Project("{9A19103F-16F7-4668-BE54-9A1E7A4F7556}") = "13.Vacation books list", "13.Vacation books list\13.Vacation books list.csproj", "{48E8C842-6E9C-4BE2-B7CA-5BDA60A9DE42}"
EndProject
Project("{9A19103F-16F7-4668-BE54-9A1E7A4F7556}") = "14.Birthday party", "14.Birthday party\14.Birthday party.csproj", "{C429EA58-7533-47AE-A9D0-CF74B522C9DB}"
EndProject
Project("{9A19103F-16F7-4668-BE54-9A1E7A4F7556}") = "15.Charity Campaign", "15.Charity Campaign\15.Charity Campaign.csproj", "{7C64E560-A77E-495D-9294-AD717E07BFE7}"
EndProject
Project("{9A19103F-16F7-4668-BE54-9A1E7A4F7556}") = "16.Fruit Market", "16.Fruit Market\16.Fruit Market.csproj", "{2574FB47-208B-4389-97A8-2674924599C8}"
EndProject
Project("{9A19103F-16F7-4668-BE54-9A1E7A4F7556}") = "17.FishTank", "17.FishTank\17.FishTank.csproj", "{A013C11D-AF39-41F4-8382-3FA39532DEDF}"
EndProject
Project("{9A19103F-16F7-4668-BE54-9A1E7A4F7556}") = "18.Trapeziod Area Bonus", "18.Trapeziod Area\18.Trapeziod Area Bonus.csproj", "{EF3C2202-4F3F-446F-BB75-5AFE9B6F2412}"
EndProject
Project("{9A19103F-16F7-4668-BE54-9A1E7A4F7556}") = "19.Triangle Area Bonus", "19.Triangle Area Bonus\19.Triangle Area Bonus.csproj", "{F1044D4E-8FC7-4E52-AD2F-5CE6566D5330}"
EndProject
Project("{9A19103F-16F7-4668-BE54-9A1E7A4F7556}") = "20.Celsius to Fahrenheit Bonus", "20.Celsius to Fahrenheit Bonus\20.Celsius to Fahrenheit Bonus.csproj", "{8012475E-1BB9-4CE8-88EC-C239F40DF906}"
EndProject
Project("{9A19103F-16F7-4668-BE54-9A1E7A4F7556}") = "21.Vegetable Market", "21.Vegetable Market\21.Vegetable Market.csproj", "{D67EC833-5EAA-48AB-A8DA-97924C181927}"
EndProject
Project("{9A19103F-16F7-4668-BE54-9A1E7A4F7556}") = "22.Training Lab Bonus", "22.Training Lab Bonus\22.Training Lab Bonus.csproj", "{9AA4B4DF-34E4-4336-A0A6-3478781FC573}"
EndProject
Project("{FAE04EC0-301F-11D3-BF4B-00C04F79EFBC}") = "23.Fish Land Bonus", "23.Fish Land Bonus\23.Fish Land Bonus.csproj", "{59D00DF9-3318-43A5-BEC6-525C4A11565A}"
EndProject
Project("{FAE04EC0-301F-11D3-BF4B-00C04F79EFBC}") = "24.House Painting Bonus", "24.House Painting Bonus\24.House Painting Bonus.csproj", "{1553FB64-7B05-4FA7-9D92-3C134835CEB2}"
EndProject
Project("{FAE04EC0-301F-11D3-BF4B-00C04F79EFBC}") = "25.Weather Forecast Bonus", "25.Weather Forecast Bonus\25.Weather Forecast Bonus.csproj", "{074817B1-331C-48F7-A4B9-124FC24DF4A9}"
EndProject
Project("{FAE04EC0-301F-11D3-BF4B-00C04F79EFBC}") = "26.Weather Forecast 2 Bonus", "26.Weather Forecast 2 Bonus\26.Weather Forecast 2 Bonus.csproj", "{2077D22C-CA2D-4ECF-8F29-C2CA22C9D9CA}"
EndProject
Global
	GlobalSection(SolutionConfigurationPlatforms) = preSolution
		Debug|Any CPU = Debug|Any CPU
		Release|Any CPU = Release|Any CPU
	EndGlobalSection
	GlobalSection(ProjectConfigurationPlatforms) = postSolution
		{BB712AE0-BDB0-4A31-BB1E-77A3E6627DA0}.Debug|Any CPU.ActiveCfg = Debug|Any CPU
		{BB712AE0-BDB0-4A31-BB1E-77A3E6627DA0}.Debug|Any CPU.Build.0 = Debug|Any CPU
		{BB712AE0-BDB0-4A31-BB1E-77A3E6627DA0}.Release|Any CPU.ActiveCfg = Release|Any CPU
		{BB712AE0-BDB0-4A31-BB1E-77A3E6627DA0}.Release|Any CPU.Build.0 = Release|Any CPU
		{37AE8BC4-3614-46E4-8F13-2F715B950BC6}.Debug|Any CPU.ActiveCfg = Debug|Any CPU
		{37AE8BC4-3614-46E4-8F13-2F715B950BC6}.Debug|Any CPU.Build.0 = Debug|Any CPU
		{37AE8BC4-3614-46E4-8F13-2F715B950BC6}.Release|Any CPU.ActiveCfg = Release|Any CPU
		{37AE8BC4-3614-46E4-8F13-2F715B950BC6}.Release|Any CPU.Build.0 = Release|Any CPU
		{499F3FD9-5763-442B-B010-CFCD01181604}.Debug|Any CPU.ActiveCfg = Debug|Any CPU
		{499F3FD9-5763-442B-B010-CFCD01181604}.Debug|Any CPU.Build.0 = Debug|Any CPU
		{499F3FD9-5763-442B-B010-CFCD01181604}.Release|Any CPU.ActiveCfg = Release|Any CPU
		{499F3FD9-5763-442B-B010-CFCD01181604}.Release|Any CPU.Build.0 = Release|Any CPU
		{6A05D4A8-6E1D-4DBD-BB53-61FB3846F808}.Debug|Any CPU.ActiveCfg = Debug|Any CPU
		{6A05D4A8-6E1D-4DBD-BB53-61FB3846F808}.Debug|Any CPU.Build.0 = Debug|Any CPU
		{6A05D4A8-6E1D-4DBD-BB53-61FB3846F808}.Release|Any CPU.ActiveCfg = Release|Any CPU
		{6A05D4A8-6E1D-4DBD-BB53-61FB3846F808}.Release|Any CPU.Build.0 = Release|Any CPU
		{82DCAB09-76AB-4275-B3FF-D28AD2C546BD}.Debug|Any CPU.ActiveCfg = Debug|Any CPU
		{82DCAB09-76AB-4275-B3FF-D28AD2C546BD}.Debug|Any CPU.Build.0 = Debug|Any CPU
		{82DCAB09-76AB-4275-B3FF-D28AD2C546BD}.Release|Any CPU.ActiveCfg = Release|Any CPU
		{82DCAB09-76AB-4275-B3FF-D28AD2C546BD}.Release|Any CPU.Build.0 = Release|Any CPU
		{DF64D977-5E1C-40E0-83C2-55EC3C6FACDA}.Debug|Any CPU.ActiveCfg = Debug|Any CPU
		{DF64D977-5E1C-40E0-83C2-55EC3C6FACDA}.Debug|Any CPU.Build.0 = Debug|Any CPU
		{DF64D977-5E1C-40E0-83C2-55EC3C6FACDA}.Release|Any CPU.ActiveCfg = Release|Any CPU
		{DF64D977-5E1C-40E0-83C2-55EC3C6FACDA}.Release|Any CPU.Build.0 = Release|Any CPU
		{20A18F3B-81BE-4E9D-8F1C-73FBC34EDD8F}.Debug|Any CPU.ActiveCfg = Debug|Any CPU
		{20A18F3B-81BE-4E9D-8F1C-73FBC34EDD8F}.Debug|Any CPU.Build.0 = Debug|Any CPU
		{20A18F3B-81BE-4E9D-8F1C-73FBC34EDD8F}.Release|Any CPU.ActiveCfg = Release|Any CPU
		{20A18F3B-81BE-4E9D-8F1C-73FBC34EDD8F}.Release|Any CPU.Build.0 = Release|Any CPU
		{231019AC-F62A-4E4C-BB45-7F2D4C13C4CA}.Debug|Any CPU.ActiveCfg = Debug|Any CPU
		{231019AC-F62A-4E4C-BB45-7F2D4C13C4CA}.Debug|Any CPU.Build.0 = Debug|Any CPU
		{231019AC-F62A-4E4C-BB45-7F2D4C13C4CA}.Release|Any CPU.ActiveCfg = Release|Any CPU
		{231019AC-F62A-4E4C-BB45-7F2D4C13C4CA}.Release|Any CPU.Build.0 = Release|Any CPU
		{EC4E6879-54D1-4A71-8CA5-DF0367593743}.Debug|Any CPU.ActiveCfg = Debug|Any CPU
		{EC4E6879-54D1-4A71-8CA5-DF0367593743}.Debug|Any CPU.Build.0 = Debug|Any CPU
		{EC4E6879-54D1-4A71-8CA5-DF0367593743}.Release|Any CPU.ActiveCfg = Release|Any CPU
		{EC4E6879-54D1-4A71-8CA5-DF0367593743}.Release|Any CPU.Build.0 = Release|Any CPU
		{BCE99733-6363-4EA3-82E3-C18859AD5F26}.Debug|Any CPU.ActiveCfg = Debug|Any CPU
		{BCE99733-6363-4EA3-82E3-C18859AD5F26}.Debug|Any CPU.Build.0 = Debug|Any CPU
		{BCE99733-6363-4EA3-82E3-C18859AD5F26}.Release|Any CPU.ActiveCfg = Release|Any CPU
		{BCE99733-6363-4EA3-82E3-C18859AD5F26}.Release|Any CPU.Build.0 = Release|Any CPU
		{1B8DCDF4-A132-455C-9C8D-E9554D9D2E09}.Debug|Any CPU.ActiveCfg = Debug|Any CPU
		{1B8DCDF4-A132-455C-9C8D-E9554D9D2E09}.Debug|Any CPU.Build.0 = Debug|Any CPU
		{1B8DCDF4-A132-455C-9C8D-E9554D9D2E09}.Release|Any CPU.ActiveCfg = Release|Any CPU
		{1B8DCDF4-A132-455C-9C8D-E9554D9D2E09}.Release|Any CPU.Build.0 = Release|Any CPU
		{2D25D9C9-03A0-4704-A8B4-8D829487C767}.Debug|Any CPU.ActiveCfg = Debug|Any CPU
		{2D25D9C9-03A0-4704-A8B4-8D829487C767}.Debug|Any CPU.Build.0 = Debug|Any CPU
		{2D25D9C9-03A0-4704-A8B4-8D829487C767}.Release|Any CPU.ActiveCfg = Release|Any CPU
		{2D25D9C9-03A0-4704-A8B4-8D829487C767}.Release|Any CPU.Build.0 = Release|Any CPU
		{48E8C842-6E9C-4BE2-B7CA-5BDA60A9DE42}.Debug|Any CPU.ActiveCfg = Debug|Any CPU
		{48E8C842-6E9C-4BE2-B7CA-5BDA60A9DE42}.Debug|Any CPU.Build.0 = Debug|Any CPU
		{48E8C842-6E9C-4BE2-B7CA-5BDA60A9DE42}.Release|Any CPU.ActiveCfg = Release|Any CPU
		{48E8C842-6E9C-4BE2-B7CA-5BDA60A9DE42}.Release|Any CPU.Build.0 = Release|Any CPU
		{C429EA58-7533-47AE-A9D0-CF74B522C9DB}.Debug|Any CPU.ActiveCfg = Debug|Any CPU
		{C429EA58-7533-47AE-A9D0-CF74B522C9DB}.Debug|Any CPU.Build.0 = Debug|Any CPU
		{C429EA58-7533-47AE-A9D0-CF74B522C9DB}.Release|Any CPU.ActiveCfg = Release|Any CPU
		{C429EA58-7533-47AE-A9D0-CF74B522C9DB}.Release|Any CPU.Build.0 = Release|Any CPU
		{7C64E560-A77E-495D-9294-AD717E07BFE7}.Debug|Any CPU.ActiveCfg = Debug|Any CPU
		{7C64E560-A77E-495D-9294-AD717E07BFE7}.Debug|Any CPU.Build.0 = Debug|Any CPU
		{7C64E560-A77E-495D-9294-AD717E07BFE7}.Release|Any CPU.ActiveCfg = Release|Any CPU
		{7C64E560-A77E-495D-9294-AD717E07BFE7}.Release|Any CPU.Build.0 = Release|Any CPU
		{2574FB47-208B-4389-97A8-2674924599C8}.Debug|Any CPU.ActiveCfg = Debug|Any CPU
		{2574FB47-208B-4389-97A8-2674924599C8}.Debug|Any CPU.Build.0 = Debug|Any CPU
		{2574FB47-208B-4389-97A8-2674924599C8}.Release|Any CPU.ActiveCfg = Release|Any CPU
		{2574FB47-208B-4389-97A8-2674924599C8}.Release|Any CPU.Build.0 = Release|Any CPU
		{A013C11D-AF39-41F4-8382-3FA39532DEDF}.Debug|Any CPU.ActiveCfg = Debug|Any CPU
		{A013C11D-AF39-41F4-8382-3FA39532DEDF}.Debug|Any CPU.Build.0 = Debug|Any CPU
		{A013C11D-AF39-41F4-8382-3FA39532DEDF}.Release|Any CPU.ActiveCfg = Release|Any CPU
		{A013C11D-AF39-41F4-8382-3FA39532DEDF}.Release|Any CPU.Build.0 = Release|Any CPU
		{EF3C2202-4F3F-446F-BB75-5AFE9B6F2412}.Debug|Any CPU.ActiveCfg = Debug|Any CPU
		{EF3C2202-4F3F-446F-BB75-5AFE9B6F2412}.Debug|Any CPU.Build.0 = Debug|Any CPU
		{EF3C2202-4F3F-446F-BB75-5AFE9B6F2412}.Release|Any CPU.ActiveCfg = Release|Any CPU
		{EF3C2202-4F3F-446F-BB75-5AFE9B6F2412}.Release|Any CPU.Build.0 = Release|Any CPU
		{F1044D4E-8FC7-4E52-AD2F-5CE6566D5330}.Debug|Any CPU.ActiveCfg = Debug|Any CPU
		{F1044D4E-8FC7-4E52-AD2F-5CE6566D5330}.Debug|Any CPU.Build.0 = Debug|Any CPU
		{F1044D4E-8FC7-4E52-AD2F-5CE6566D5330}.Release|Any CPU.ActiveCfg = Release|Any CPU
		{F1044D4E-8FC7-4E52-AD2F-5CE6566D5330}.Release|Any CPU.Build.0 = Release|Any CPU
		{8012475E-1BB9-4CE8-88EC-C239F40DF906}.Debug|Any CPU.ActiveCfg = Debug|Any CPU
		{8012475E-1BB9-4CE8-88EC-C239F40DF906}.Debug|Any CPU.Build.0 = Debug|Any CPU
		{8012475E-1BB9-4CE8-88EC-C239F40DF906}.Release|Any CPU.ActiveCfg = Release|Any CPU
		{8012475E-1BB9-4CE8-88EC-C239F40DF906}.Release|Any CPU.Build.0 = Release|Any CPU
		{D67EC833-5EAA-48AB-A8DA-97924C181927}.Debug|Any CPU.ActiveCfg = Debug|Any CPU
		{D67EC833-5EAA-48AB-A8DA-97924C181927}.Debug|Any CPU.Build.0 = Debug|Any CPU
		{D67EC833-5EAA-48AB-A8DA-97924C181927}.Release|Any CPU.ActiveCfg = Release|Any CPU
		{D67EC833-5EAA-48AB-A8DA-97924C181927}.Release|Any CPU.Build.0 = Release|Any CPU
		{9AA4B4DF-34E4-4336-A0A6-3478781FC573}.Debug|Any CPU.ActiveCfg = Debug|Any CPU
		{9AA4B4DF-34E4-4336-A0A6-3478781FC573}.Debug|Any CPU.Build.0 = Debug|Any CPU
		{9AA4B4DF-34E4-4336-A0A6-3478781FC573}.Release|Any CPU.ActiveCfg = Release|Any CPU
		{9AA4B4DF-34E4-4336-A0A6-3478781FC573}.Release|Any CPU.Build.0 = Release|Any CPU
		{59D00DF9-3318-43A5-BEC6-525C4A11565A}.Debug|Any CPU.ActiveCfg = Debug|Any CPU
		{59D00DF9-3318-43A5-BEC6-525C4A11565A}.Debug|Any CPU.Build.0 = Debug|Any CPU
		{59D00DF9-3318-43A5-BEC6-525C4A11565A}.Release|Any CPU.ActiveCfg = Release|Any CPU
		{59D00DF9-3318-43A5-BEC6-525C4A11565A}.Release|Any CPU.Build.0 = Release|Any CPU
		{1553FB64-7B05-4FA7-9D92-3C134835CEB2}.Debug|Any CPU.ActiveCfg = Debug|Any CPU
		{1553FB64-7B05-4FA7-9D92-3C134835CEB2}.Debug|Any CPU.Build.0 = Debug|Any CPU
		{1553FB64-7B05-4FA7-9D92-3C134835CEB2}.Release|Any CPU.ActiveCfg = Release|Any CPU
		{1553FB64-7B05-4FA7-9D92-3C134835CEB2}.Release|Any CPU.Build.0 = Release|Any CPU
		{074817B1-331C-48F7-A4B9-124FC24DF4A9}.Debug|Any CPU.ActiveCfg = Debug|Any CPU
		{074817B1-331C-48F7-A4B9-124FC24DF4A9}.Debug|Any CPU.Build.0 = Debug|Any CPU
		{074817B1-331C-48F7-A4B9-124FC24DF4A9}.Release|Any CPU.ActiveCfg = Release|Any CPU
		{074817B1-331C-48F7-A4B9-124FC24DF4A9}.Release|Any CPU.Build.0 = Release|Any CPU
		{2077D22C-CA2D-4ECF-8F29-C2CA22C9D9CA}.Debug|Any CPU.ActiveCfg = Debug|Any CPU
		{2077D22C-CA2D-4ECF-8F29-C2CA22C9D9CA}.Debug|Any CPU.Build.0 = Debug|Any CPU
		{2077D22C-CA2D-4ECF-8F29-C2CA22C9D9CA}.Release|Any CPU.ActiveCfg = Release|Any CPU
		{2077D22C-CA2D-4ECF-8F29-C2CA22C9D9CA}.Release|Any CPU.Build.0 = Release|Any CPU
	EndGlobalSection
	GlobalSection(SolutionProperties) = preSolution
		HideSolutionNode = FALSE
	EndGlobalSection
	GlobalSection(ExtensibilityGlobals) = postSolution
		SolutionGuid = {1E9A2AFD-D891-4B52-A426-63515729ACDD}
	EndGlobalSection
EndGlobal
