
Microsoft Visual Studio Solution File, Format Version 12.00
# Visual Studio Version 17
VisualStudioVersion = 17.0.32014.148
MinimumVisualStudioVersion = 10.0.40219.1
Project("{9A19103F-16F7-4668-BE54-9A1E7A4F7556}") = "BasicWebServer.Server", "BasicWebServer.Server\BasicWebServer.Server.csproj", "{61DFD1FE-E50A-4856-9848-DB72DDA58DCD}"
EndProject
Project("{FAE04EC0-301F-11D3-BF4B-00C04F79EFBC}") = "BasicWebServer.Main", "BasicWebServer.Main\BasicWebServer.Main.csproj", "{2739FE3F-1667-49DE-B8DC-9DC06AB970EC}"
EndProject
Global
	GlobalSection(SolutionConfigurationPlatforms) = preSolution
		Debug|Any CPU = Debug|Any CPU
		Release|Any CPU = Release|Any CPU
	EndGlobalSection
	GlobalSection(ProjectConfigurationPlatforms) = postSolution
		{61DFD1FE-E50A-4856-9848-DB72DDA58DCD}.Debug|Any CPU.ActiveCfg = Debug|Any CPU
		{61DFD1FE-E50A-4856-9848-DB72DDA58DCD}.Debug|Any CPU.Build.0 = Debug|Any CPU
		{61DFD1FE-E50A-4856-9848-DB72DDA58DCD}.Release|Any CPU.ActiveCfg = Release|Any CPU
		{61DFD1FE-E50A-4856-9848-DB72DDA58DCD}.Release|Any CPU.Build.0 = Release|Any CPU
		{2739FE3F-1667-49DE-B8DC-9DC06AB970EC}.Debug|Any CPU.ActiveCfg = Debug|Any CPU
		{2739FE3F-1667-49DE-B8DC-9DC06AB970EC}.Debug|Any CPU.Build.0 = Debug|Any CPU
		{2739FE3F-1667-49DE-B8DC-9DC06AB970EC}.Release|Any CPU.ActiveCfg = Release|Any CPU
		{2739FE3F-1667-49DE-B8DC-9DC06AB970EC}.Release|Any CPU.Build.0 = Release|Any CPU
	EndGlobalSection
	GlobalSection(SolutionProperties) = preSolution
		HideSolutionNode = FALSE
	EndGlobalSection
	GlobalSection(ExtensibilityGlobals) = postSolution
		SolutionGuid = {16807250-CD40-4FC9-862E-7CB32440B4BB}
	EndGlobalSection
EndGlobal
